<?xml version="1.0" encoding="utf-8"?>
<Project ToolsVersion="4.0" xmlns="http://schemas.microsoft.com/developer/msbuild/2003">
  <ItemGroup>
    <Filter Include="File di origine">
      <UniqueIdentifier>{4FC737F1-C7A5-4376-A066-2A32D752A2FF}</UniqueIdentifier>
      <Extensions>cpp;c;cc;cxx;def;odl;idl;hpj;bat;asm;asmx</Extensions>
    </Filter>
    <Filter Include="File di intestazione">
      <UniqueIdentifier>{93995380-89BD-4b04-88EB-625FBE52EBFB}</UniqueIdentifier>
      <Extensions>h;hh;hpp;hxx;hm;inl;inc;xsd</Extensions>
    </Filter>
    <Filter Include="File di risorse">
      <UniqueIdentifier>{67DA6AB6-F800-4c08-8B7A-83BB121AAD01}</UniqueIdentifier>
      <Extensions>rc;ico;cur;bmp;dlg;rc2;rct;bin;rgs;gif;jpg;jpeg;jpe;resx;tiff;tif;png;wav;mfcribbon-ms</Extensions>
    </Filter>
  </ItemGroup>
  <ItemGroup>
    <ClCompile Include="AntiThetic.cpp">
      <Filter>File di origine</Filter>
    </ClCompile>
    <ClCompile Include="Arrays.cpp">
      <Filter>File di origine</Filter>
    </ClCompile>
    <ClCompile Include="BlackScholesFormulas.cpp">
      <Filter>File di origine</Filter>
    </ClCompile>
    <ClCompile Include="ConvergenceTable.cpp">
      <Filter>File di origine</Filter>
    </ClCompile>
    <ClCompile Include="DiscreteKnockDownOut.cpp">
      <Filter>File di origine</Filter>
    </ClCompile>
    <ClCompile Include="DiscreteKnockUpOut.cpp">
      <Filter>File di origine</Filter>
    </ClCompile>
    <ClCompile Include="DoubleDigital2.cpp">
      <Filter>File di origine</Filter>
    </ClCompile>
    <ClCompile Include="ExoticBSEngine.cpp">
      <Filter>File di origine</Filter>
    </ClCompile>
    <ClCompile Include="ExoticEngine.cpp">
      <Filter>File di origine</Filter>
    </ClCompile>
    <ClCompile Include="GeometricAsian.cpp">
      <Filter>File di origine</Filter>
    </ClCompile>
    <ClCompile Include="MCStatistics.cpp">
      <Filter>File di origine</Filter>
    </ClCompile>
    <ClCompile Include="Normals.cpp">
      <Filter>File di origine</Filter>
    </ClCompile>
    <ClCompile Include="Parameters.cpp">
      <Filter>File di origine</Filter>
    </ClCompile>
    <ClCompile Include="ParkMiller.cpp">
      <Filter>File di origine</Filter>
    </ClCompile>
    <ClCompile Include="PathDependent.cpp">
      <Filter>File di origine</Filter>
    </ClCompile>
    <ClCompile Include="PathDependentAsian.cpp">
      <Filter>File di origine</Filter>
    </ClCompile>
    <ClCompile Include="PayOff3.cpp">
      <Filter>File di origine</Filter>
    </ClCompile>
    <ClCompile Include="PayOffBridge.cpp">
      <Filter>File di origine</Filter>
    </ClCompile>
    <ClCompile Include="Random2.cpp">
      <Filter>File di origine</Filter>
    </ClCompile>
    <ClCompile Include="VanillaPathDependent.cpp">
      <Filter>File di origine</Filter>
    </ClCompile>
    <ClCompile Include="Terminator.cpp">
      <Filter>File di origine</Filter>
    </ClCompile>
    <ClCompile Include="SeveralStatistics.cpp">
      <Filter>File di origine</Filter>
    </ClCompile>
    <ClCompile Include="PiecewiseParameters.cpp">
      <Filter>File di origine</Filter>
    </ClCompile>
    <ClCompile Include="ArgumentList.cpp">
      <Filter>File di origine</Filter>
    </ClCompile>
    <ClCompile Include="MAIN_testArgList.cpp">
      <Filter>File di origine</Filter>
    </ClCompile>
  </ItemGroup>
  <ItemGroup>
    <ClInclude Include="AntiThetic.h">
      <Filter>File di intestazione</Filter>
    </ClInclude>
    <ClInclude Include="Arrays.h">
      <Filter>File di intestazione</Filter>
    </ClInclude>
    <ClInclude Include="BlackScholesFormulas.h">
      <Filter>File di intestazione</Filter>
    </ClInclude>
    <ClInclude Include="ConvergenceTable.h">
      <Filter>File di intestazione</Filter>
    </ClInclude>
    <ClInclude Include="DiscreteKnockDownOut.h">
      <Filter>File di intestazione</Filter>
    </ClInclude>
    <ClInclude Include="DiscreteKnockUpOut.h">
      <Filter>File di intestazione</Filter>
    </ClInclude>
    <ClInclude Include="DoubleDigital2.h">
      <Filter>File di intestazione</Filter>
    </ClInclude>
    <ClInclude Include="ExoticBSEngine.h">
      <Filter>File di intestazione</Filter>
    </ClInclude>
    <ClInclude Include="ExoticEngine.h">
      <Filter>File di intestazione</Filter>
    </ClInclude>
    <ClInclude Include="GeometricAsian.h">
      <Filter>File di intestazione</Filter>
    </ClInclude>
    <ClInclude Include="MCStatistics.h">
      <Filter>File di intestazione</Filter>
    </ClInclude>
    <ClInclude Include="Normals.h">
      <Filter>File di intestazione</Filter>
    </ClInclude>
    <ClInclude Include="Parameters.h">
      <Filter>File di intestazione</Filter>
    </ClInclude>
    <ClInclude Include="ParkMiller.h">
      <Filter>File di intestazione</Filter>
    </ClInclude>
    <ClInclude Include="PathDependent.h">
      <Filter>File di intestazione</Filter>
    </ClInclude>
    <ClInclude Include="PathDependentAsian.h">
      <Filter>File di intestazione</Filter>
    </ClInclude>
    <ClInclude Include="PayOff3.h">
      <Filter>File di intestazione</Filter>
    </ClInclude>
    <ClInclude Include="PayOffBridge.h">
      <Filter>File di intestazione</Filter>
    </ClInclude>
    <ClInclude Include="Random2.h">
      <Filter>File di intestazione</Filter>
    </ClInclude>
    <ClInclude Include="VanillaPathDependent.h">
      <Filter>File di intestazione</Filter>
    </ClInclude>
    <ClInclude Include="Wrapper.h">
      <Filter>File di intestazione</Filter>
    </ClInclude>
    <ClInclude Include="PiecewiseParameters.h">
      <Filter>File di intestazione</Filter>
    </ClInclude>
    <ClInclude Include="SeveralStatistics.h">
      <Filter>File di intestazione</Filter>
    </ClInclude>
    <ClInclude Include="Terminator.h">
      <Filter>File di intestazione</Filter>
    </ClInclude>
    <ClInclude Include="ArgumentList.h">
      <Filter>File di intestazione</Filter>
    </ClInclude>
  </ItemGroup>
</Project>