<?xml version="1.0" encoding="utf-8"?>
<Project ToolsVersion="4.0" xmlns="http://schemas.microsoft.com/developer/msbuild/2003">
  <ItemGroup>
    <Filter Include="File di origine">
      <UniqueIdentifier>{4FC737F1-C7A5-4376-A066-2A32D752A2FF}</UniqueIdentifier>
      <Extensions>cpp;c;cc;cxx;def;odl;idl;hpj;bat;asm;asmx</Extensions>
    </Filter>
    <Filter Include="File di intestazione">
      <UniqueIdentifier>{93995380-89BD-4b04-88EB-625FBE52EBFB}</UniqueIdentifier>
      <Extensions>h;hh;hpp;hxx;hm;inl;inc;xsd</Extensions>
    </Filter>
    <Filter Include="File di risorse">
      <UniqueIdentifier>{67DA6AB6-F800-4c08-8B7A-83BB121AAD01}</UniqueIdentifier>
      <Extensions>rc;ico;cur;bmp;dlg;rc2;rct;bin;rgs;gif;jpg;jpeg;jpe;resx;tiff;tif;png;wav;mfcribbon-ms</Extensions>
    </Filter>
  </ItemGroup>
  <ItemGroup>
    <ClCompile Include="ConvergenceTable.cpp">
      <Filter>File di origine</Filter>
    </ClCompile>
    <ClCompile Include="MCStatistics.cpp">
      <Filter>File di origine</Filter>
    </ClCompile>
    <ClCompile Include="Parameters.cpp">
      <Filter>File di origine</Filter>
    </ClCompile>
    <ClCompile Include="PayOff3.cpp">
      <Filter>File di origine</Filter>
    </ClCompile>
    <ClCompile Include="PayOffBridge.cpp">
      <Filter>File di origine</Filter>
    </ClCompile>
    <ClCompile Include="Random1.cpp">
      <Filter>File di origine</Filter>
    </ClCompile>
    <ClCompile Include="SimpleMC7.cpp">
      <Filter>File di origine</Filter>
    </ClCompile>
    <ClCompile Include="Vanilla3.cpp">
      <Filter>File di origine</Filter>
    </ClCompile>
    <ClCompile Include="SeveralStatistics.cpp">
      <Filter>File di origine</Filter>
    </ClCompile>
    <ClCompile Include="ExerciseStats.cpp">
      <Filter>File di origine</Filter>
    </ClCompile>
    <ClCompile Include="Terminator.cpp">
      <Filter>File di origine</Filter>
    </ClCompile>
    <ClCompile Include="ExTermMain.cpp">
      <Filter>File di origine</Filter>
    </ClCompile>
    <ClCompile Include="SimpleMCTerm.cpp">
      <Filter>File di origine</Filter>
    </ClCompile>
  </ItemGroup>
  <ItemGroup>
    <ClInclude Include="ConvergenceTable.h">
      <Filter>File di origine</Filter>
    </ClInclude>
    <ClInclude Include="MCStatistics.h">
      <Filter>File di origine</Filter>
    </ClInclude>
    <ClInclude Include="Parameters.h">
      <Filter>File di origine</Filter>
    </ClInclude>
    <ClInclude Include="PayOff3.h">
      <Filter>File di origine</Filter>
    </ClInclude>
    <ClInclude Include="PayOffBridge.h">
      <Filter>File di origine</Filter>
    </ClInclude>
    <ClInclude Include="Random1.h">
      <Filter>File di origine</Filter>
    </ClInclude>
    <ClInclude Include="SimpleMC7.h">
      <Filter>File di origine</Filter>
    </ClInclude>
    <ClInclude Include="Vanilla3.h">
      <Filter>File di origine</Filter>
    </ClInclude>
    <ClInclude Include="Wrapper.h">
      <Filter>File di origine</Filter>
    </ClInclude>
    <ClInclude Include="SeveralStatistics.h">
      <Filter>File di origine</Filter>
    </ClInclude>
    <ClInclude Include="ExerciseStats.h">
      <Filter>File di origine</Filter>
    </ClInclude>
    <ClInclude Include="Terminator.h">
      <Filter>File di origine</Filter>
    </ClInclude>
    <ClInclude Include="SimpleMCTerm.h">
      <Filter>File di origine</Filter>
    </ClInclude>
    <ClInclude Include="CountedWrapper.h">
      <Filter>File di origine</Filter>
    </ClInclude>
  </ItemGroup>
</Project>