<?xml version="1.0" encoding="utf-8"?>
<Project ToolsVersion="4.0" xmlns="http://schemas.microsoft.com/developer/msbuild/2003">
  <ItemGroup>
    <Filter Include="File di origine">
      <UniqueIdentifier>{4FC737F1-C7A5-4376-A066-2A32D752A2FF}</UniqueIdentifier>
      <Extensions>cpp;c;cc;cxx;def;odl;idl;hpj;bat;asm;asmx</Extensions>
    </Filter>
    <Filter Include="File di intestazione">
      <UniqueIdentifier>{93995380-89BD-4b04-88EB-625FBE52EBFB}</UniqueIdentifier>
      <Extensions>h;hh;hpp;hxx;hm;inl;inc;xsd</Extensions>
    </Filter>
    <Filter Include="File di risorse">
      <UniqueIdentifier>{67DA6AB6-F800-4c08-8B7A-83BB121AAD01}</UniqueIdentifier>
      <Extensions>rc;ico;cur;bmp;dlg;rc2;rct;bin;rgs;gif;jpg;jpeg;jpe;resx;tiff;tif;png;wav;mfcribbon-ms</Extensions>
    </Filter>
  </ItemGroup>
  <ItemGroup>
    <ClCompile Include="..\..\Textbook material\Textbook material\AntiThetic.cpp">
      <Filter>File di origine</Filter>
    </ClCompile>
    <ClCompile Include="..\..\Textbook material\Textbook material\Arrays.cpp">
      <Filter>File di origine</Filter>
    </ClCompile>
    <ClCompile Include="..\..\Textbook material\Textbook material\ConvergenceTable.cpp">
      <Filter>File di origine</Filter>
    </ClCompile>
    <ClCompile Include="..\..\Textbook material\Textbook material\DoubleDigital2.cpp">
      <Filter>File di origine</Filter>
    </ClCompile>
    <ClCompile Include="..\..\Textbook material\Textbook material\MCStatistics.cpp">
      <Filter>File di origine</Filter>
    </ClCompile>
    <ClCompile Include="..\..\Textbook material\Textbook material\Normals.cpp">
      <Filter>File di origine</Filter>
    </ClCompile>
    <ClCompile Include="..\..\Textbook material\Textbook material\Parameters.cpp">
      <Filter>File di origine</Filter>
    </ClCompile>
    <ClCompile Include="..\..\Textbook material\Textbook material\ParkMiller.cpp">
      <Filter>File di origine</Filter>
    </ClCompile>
    <ClCompile Include="..\..\Textbook material\Textbook material\PayOff3.cpp">
      <Filter>File di origine</Filter>
    </ClCompile>
    <ClCompile Include="..\..\Textbook material\Textbook material\PayOffBridge.cpp">
      <Filter>File di origine</Filter>
    </ClCompile>
    <ClCompile Include="..\..\Textbook material\Textbook material\Random2.cpp">
      <Filter>File di origine</Filter>
    </ClCompile>
    <ClCompile Include="..\..\Textbook material\Textbook material\SimpleMC8.cpp">
      <Filter>File di origine</Filter>
    </ClCompile>
    <ClCompile Include="..\..\Textbook material\Textbook material\Vanilla3.cpp">
      <Filter>File di origine</Filter>
    </ClCompile>
    <ClCompile Include="Halton.cpp">
      <Filter>File di origine</Filter>
    </ClCompile>
    <ClCompile Include="BaseChanges.cpp">
      <Filter>File di origine</Filter>
    </ClCompile>
    <ClCompile Include="Exercise6.3main.cpp">
      <Filter>File di origine</Filter>
    </ClCompile>
  </ItemGroup>
  <ItemGroup>
    <ClInclude Include="..\..\Textbook material\Textbook material\AntiThetic.h">
      <Filter>File di intestazione</Filter>
    </ClInclude>
    <ClInclude Include="..\..\Textbook material\Textbook material\Arrays.h">
      <Filter>File di intestazione</Filter>
    </ClInclude>
    <ClInclude Include="..\..\Textbook material\Textbook material\ConvergenceTable.h">
      <Filter>File di intestazione</Filter>
    </ClInclude>
    <ClInclude Include="..\..\Textbook material\Textbook material\DoubleDigital2.h">
      <Filter>File di intestazione</Filter>
    </ClInclude>
    <ClInclude Include="..\..\Textbook material\Textbook material\MCStatistics.h">
      <Filter>File di intestazione</Filter>
    </ClInclude>
    <ClInclude Include="..\..\Textbook material\Textbook material\Normals.h">
      <Filter>File di intestazione</Filter>
    </ClInclude>
    <ClInclude Include="..\..\Textbook material\Textbook material\Parameters.h">
      <Filter>File di intestazione</Filter>
    </ClInclude>
    <ClInclude Include="..\..\Textbook material\Textbook material\ParkMiller.h">
      <Filter>File di intestazione</Filter>
    </ClInclude>
    <ClInclude Include="..\..\Textbook material\Textbook material\PayOff3.h">
      <Filter>File di intestazione</Filter>
    </ClInclude>
    <ClInclude Include="..\..\Textbook material\Textbook material\PayOffBridge.h">
      <Filter>File di intestazione</Filter>
    </ClInclude>
    <ClInclude Include="..\..\Textbook material\Textbook material\Random2.h">
      <Filter>File di intestazione</Filter>
    </ClInclude>
    <ClInclude Include="..\..\Textbook material\Textbook material\SimpleMC8.h">
      <Filter>File di intestazione</Filter>
    </ClInclude>
    <ClInclude Include="..\..\Textbook material\Textbook material\Vanilla3.h">
      <Filter>File di intestazione</Filter>
    </ClInclude>
    <ClInclude Include="..\..\Textbook material\Textbook material\Wrapper.h">
      <Filter>File di intestazione</Filter>
    </ClInclude>
    <ClInclude Include="Halton.h">
      <Filter>File di intestazione</Filter>
    </ClInclude>
    <ClInclude Include="BaseChanges.h">
      <Filter>File di intestazione</Filter>
    </ClInclude>
  </ItemGroup>
</Project>